// !$*UTF8*$!
{
	archiveVersion = 1;
	classes = {
	};
	objectVersion = 46;
	objects = {

/* Begin PBXBuildFile section */
		30A399C31DFFD44A00EDFB29 /* AppDelegate.swift in Sources */ = {isa = PBXBuildFile; fileRef = 30A399B01DFFD44A00EDFB29 /* AppDelegate.swift */; };
		30A399C51DFFD44A00EDFB29 /* Assets.xcassets in Resources */ = {isa = PBXBuildFile; fileRef = 30A399B61DFFD44A00EDFB29 /* Assets.xcassets */; };
		30A399C61DFFD44A00EDFB29 /* Info.plist in Resources */ = {isa = PBXBuildFile; fileRef = 30A399B91DFFD44A00EDFB29 /* Info.plist */; };
		30A399C71DFFD44A00EDFB29 /* LaunchScreen.storyboard in Resources */ = {isa = PBXBuildFile; fileRef = 30A399BD1DFFD44A00EDFB29 /* LaunchScreen.storyboard */; };
		30A399C81DFFD44A00EDFB29 /* Main.storyboard in Resources */ = {isa = PBXBuildFile; fileRef = 30A399BE1DFFD44A00EDFB29 /* Main.storyboard */; };
		30A399C91DFFD44A00EDFB29 /* LaunchScreen.storyboard in Resources */ = {isa = PBXBuildFile; fileRef = 30A399C11DFFD44A00EDFB29 /* LaunchScreen.storyboard */; };
		30A399CA1DFFD44A00EDFB29 /* Main.storyboard in Resources */ = {isa = PBXBuildFile; fileRef = 30A399C21DFFD44A00EDFB29 /* Main.storyboard */; };
/* End PBXBuildFile section */

/* Begin PBXFileReference section */
		30A399841DFFD07300EDFB29 /* Article Management.app */ = {isa = PBXFileReference; explicitFileType = wrapper.application; includeInIndex = 0; path = "Article Management.app"; sourceTree = BUILT_PRODUCTS_DIR; };
		30A399B01DFFD44A00EDFB29 /* AppDelegate.swift */ = {isa = PBXFileReference; fileEncoding = 4; lastKnownFileType = sourcecode.swift; path = AppDelegate.swift; sourceTree = "<group>"; };
		30A399B61DFFD44A00EDFB29 /* Assets.xcassets */ = {isa = PBXFileReference; lastKnownFileType = folder.assetcatalog; path = Assets.xcassets; sourceTree = "<group>"; };
		30A399B91DFFD44A00EDFB29 /* Info.plist */ = {isa = PBXFileReference; fileEncoding = 4; lastKnownFileType = text.plist.xml; path = Info.plist; sourceTree = "<group>"; };
		30A399BD1DFFD44A00EDFB29 /* LaunchScreen.storyboard */ = {isa = PBXFileReference; fileEncoding = 4; lastKnownFileType = file.storyboard; path = LaunchScreen.storyboard; sourceTree = "<group>"; };
		30A399BE1DFFD44A00EDFB29 /* Main.storyboard */ = {isa = PBXFileReference; fileEncoding = 4; lastKnownFileType = file.storyboard; path = Main.storyboard; sourceTree = "<group>"; };
		30A399C11DFFD44A00EDFB29 /* LaunchScreen.storyboard */ = {isa = PBXFileReference; fileEncoding = 4; lastKnownFileType = file.storyboard; path = LaunchScreen.storyboard; sourceTree = "<group>"; };
		30A399C21DFFD44A00EDFB29 /* Main.storyboard */ = {isa = PBXFileReference; fileEncoding = 4; lastKnownFileType = file.storyboard; path = Main.storyboard; sourceTree = "<group>"; };
/* End PBXFileReference section */

/* Begin PBXFrameworksBuildPhase section */
		30A399811DFFD07300EDFB29 /* Frameworks */ = {
			isa = PBXFrameworksBuildPhase;
			buildActionMask = 2147483647;
			files = (
			);
			runOnlyForDeploymentPostprocessing = 0;
		};
/* End PBXFrameworksBuildPhase section */

/* Begin PBXGroup section */
		30A3997B1DFFD07300EDFB29 = {
			isa = PBXGroup;
			children = (
				30A399861DFFD07300EDFB29 /* Article Management */,
				30A399851DFFD07300EDFB29 /* Products */,
			);
			sourceTree = "<group>";
		};
		30A399851DFFD07300EDFB29 /* Products */ = {
			isa = PBXGroup;
			children = (
				30A399841DFFD07300EDFB29 /* Article Management.app */,
			);
			name = Products;
			sourceTree = "<group>";
		};
		30A399861DFFD07300EDFB29 /* Article Management */ = {
			isa = PBXGroup;
			children = (
				30A399AF1DFFD44A00EDFB29 /* Application */,
				30A399B11DFFD44A00EDFB29 /* Controllers */,
				30A399B31DFFD44A00EDFB29 /* Library */,
				30A399B41DFFD44A00EDFB29 /* Models */,
				30A399B51DFFD44A00EDFB29 /* Resources */,
				30A399B71DFFD44A00EDFB29 /* Services */,
				30A399B81DFFD44A00EDFB29 /* Supporting Files */,
				30A399BA1DFFD44A00EDFB29 /* Views */,
				30A399BF1DFFD44A00EDFB29 /* Custom Cells */,
				30A399C01DFFD44A00EDFB29 /* Storyboard */,
			);
			path = "Article Management";
			sourceTree = "<group>";
		};
		30A399AF1DFFD44A00EDFB29 /* Application */ = {
			isa = PBXGroup;
			children = (
				30A399B01DFFD44A00EDFB29 /* AppDelegate.swift */,
			);
			path = Application;
			sourceTree = "<group>";
		};
		30A399B11DFFD44A00EDFB29 /* Controllers */ = {
			isa = PBXGroup;
			children = (
			);
			path = Controllers;
			sourceTree = "<group>";
		};
		30A399B31DFFD44A00EDFB29 /* Library */ = {
			isa = PBXGroup;
			children = (
			);
			path = Library;
			sourceTree = "<group>";
		};
		30A399B41DFFD44A00EDFB29 /* Models */ = {
			isa = PBXGroup;
			children = (
			);
			path = Models;
			sourceTree = "<group>";
		};
		30A399B51DFFD44A00EDFB29 /* Resources */ = {
			isa = PBXGroup;
			children = (
				30A399B61DFFD44A00EDFB29 /* Assets.xcassets */,
			);
			path = Resources;
			sourceTree = "<group>";
		};
		30A399B71DFFD44A00EDFB29 /* Services */ = {
			isa = PBXGroup;
			children = (
			);
			path = Services;
			sourceTree = "<group>";
		};
		30A399B81DFFD44A00EDFB29 /* Supporting Files */ = {
			isa = PBXGroup;
			children = (
				30A399B91DFFD44A00EDFB29 /* Info.plist */,
			);
			path = "Supporting Files";
			sourceTree = "<group>";
		};
		30A399BA1DFFD44A00EDFB29 /* Views */ = {
			isa = PBXGroup;
			children = (
				30A399BB1DFFD44A00EDFB29 /* Custom Cells */,
				30A399BC1DFFD44A00EDFB29 /* Storyboard */,
			);
			path = Views;
			sourceTree = "<group>";
		};
		30A399BB1DFFD44A00EDFB29 /* Custom Cells */ = {
			isa = PBXGroup;
			children = (
			);
			path = "Custom Cells";
			sourceTree = "<group>";
		};
		30A399BC1DFFD44A00EDFB29 /* Storyboard */ = {
			isa = PBXGroup;
			children = (
				30A399BD1DFFD44A00EDFB29 /* LaunchScreen.storyboard */,
				30A399BE1DFFD44A00EDFB29 /* Main.storyboard */,
			);
			path = Storyboard;
			sourceTree = "<group>";
		};
		30A399BF1DFFD44A00EDFB29 /* Custom Cells */ = {
			isa = PBXGroup;
			children = (
			);
			name = "Custom Cells";
			path = "Views/Custom Cells";
			sourceTree = "<group>";
		};
		30A399C01DFFD44A00EDFB29 /* Storyboard */ = {
			isa = PBXGroup;
			children = (
				30A399C11DFFD44A00EDFB29 /* LaunchScreen.storyboard */,
				30A399C21DFFD44A00EDFB29 /* Main.storyboard */,
			);
			name = Storyboard;
			path = Views/Storyboard;
			sourceTree = "<group>";
		};
/* End PBXGroup section */

/* Begin PBXNativeTarget section */
		30A399831DFFD07300EDFB29 /* Article Management */ = {
			isa = PBXNativeTarget;
			buildConfigurationList = 30A399961DFFD07400EDFB29 /* Build configuration list for PBXNativeTarget "Article Management" */;
			buildPhases = (
				30A399801DFFD07300EDFB29 /* Sources */,
				30A399811DFFD07300EDFB29 /* Frameworks */,
				30A399821DFFD07300EDFB29 /* Resources */,
			);
			buildRules = (
			);
			dependencies = (
			);
			name = "Article Management";
			productName = "Article Management";
			productReference = 30A399841DFFD07300EDFB29 /* Article Management.app */;
			productType = "com.apple.product-type.application";
		};
/* End PBXNativeTarget section */

/* Begin PBXProject section */
		30A3997C1DFFD07300EDFB29 /* Project object */ = {
			isa = PBXProject;
			attributes = {
				LastSwiftUpdateCheck = 0810;
				LastUpgradeCheck = 0810;
				ORGANIZATIONNAME = "Jayz Walker";
				TargetAttributes = {
					30A399831DFFD07300EDFB29 = {
						CreatedOnToolsVersion = 8.1;
						DevelopmentTeam = 424SGVYFMF;
						ProvisioningStyle = Automatic;
					};
				};
			};
			buildConfigurationList = 30A3997F1DFFD07300EDFB29 /* Build configuration list for PBXProject "Article Management" */;
			compatibilityVersion = "Xcode 3.2";
			developmentRegion = English;
			hasScannedForEncodings = 0;
			knownRegions = (
				en,
				Base,
			);
			mainGroup = 30A3997B1DFFD07300EDFB29;
			productRefGroup = 30A399851DFFD07300EDFB29 /* Products */;
			projectDirPath = "";
			projectRoot = "";
			targets = (
				30A399831DFFD07300EDFB29 /* Article Management */,
			);
		};
/* End PBXProject section */

/* Begin PBXResourcesBuildPhase section */
		30A399821DFFD07300EDFB29 /* Resources */ = {
			isa = PBXResourcesBuildPhase;
			buildActionMask = 2147483647;
			files = (
				30A399C71DFFD44A00EDFB29 /* LaunchScreen.storyboard in Resources */,
				30A399C61DFFD44A00EDFB29 /* Info.plist in Resources */,
				30A399C51DFFD44A00EDFB29 /* Assets.xcassets in Resources */,
				30A399CA1DFFD44A00EDFB29 /* Main.storyboard in Resources */,
				30A399C91DFFD44A00EDFB29 /* LaunchScreen.storyboard in Resources */,
				30A399C81DFFD44A00EDFB29 /* Main.storyboard in Resources */,
			);
			runOnlyForDeploymentPostprocessing = 0;
		};
/* End PBXResourcesBuildPhase section */

/* Begin PBXSourcesBuildPhase section */
		30A399801DFFD07300EDFB29 /* Sources */ = {
			isa = PBXSourcesBuildPhase;
			buildActionMask = 2147483647;
			files = (
				30A399C31DFFD44A00EDFB29 /* AppDelegate.swift in Sources */,
			);
			runOnlyForDeploymentPostprocessing = 0;
		};
/* End PBXSourcesBuildPhase section */

/* Begin XCBuildConfiguration section */
		30A399941DFFD07400EDFB29 /* Debug */ = {
			isa = XCBuildConfiguration;
			buildSettings = {
				ALWAYS_SEARCH_USER_PATHS = NO;
				CLANG_ANALYZER_NONNULL = YES;
				CLANG_CXX_LANGUAGE_STANDARD = "gnu++0x";
				CLANG_CXX_LIBRARY = "libc++";
				CLANG_ENABLE_MODULES = YES;
				CLANG_ENABLE_OBJC_ARC = YES;
				CLANG_WARN_BOOL_CONVERSION = YES;
				CLANG_WARN_CONSTANT_CONVERSION = YES;
				CLANG_WARN_DIRECT_OBJC_ISA_USAGE = YES_ERROR;
				CLANG_WARN_DOCUMENTATION_COMMENTS = YES;
				CLANG_WARN_EMPTY_BODY = YES;
				CLANG_WARN_ENUM_CONVERSION = YES;
				CLANG_WARN_INFINITE_RECURSION = YES;
				CLANG_WARN_INT_CONVERSION = YES;
				CLANG_WARN_OBJC_ROOT_CLASS = YES_ERROR;
				CLANG_WARN_SUSPICIOUS_MOVES = YES;
				CLANG_WARN_UNREACHABLE_CODE = YES;
				CLANG_WARN__DUPLICATE_METHOD_MATCH = YES;
				"CODE_SIGN_IDENTITY[sdk=iphoneos*]" = "iPhone Developer";
				COPY_PHASE_STRIP = NO;
				DEBUG_INFORMATION_FORMAT = dwarf;
				ENABLE_STRICT_OBJC_MSGSEND = YES;
				ENABLE_TESTABILITY = YES;
				GCC_C_LANGUAGE_STANDARD = gnu99;
				GCC_DYNAMIC_NO_PIC = NO;
				GCC_NO_COMMON_BLOCKS = YES;
				GCC_OPTIMIZATION_LEVEL = 0;
				GCC_PREPROCESSOR_DEFINITIONS = (
					"DEBUG=1",
					"$(inherited)",
				);
				GCC_WARN_64_TO_32_BIT_CONVERSION = YES;
				GCC_WARN_ABOUT_RETURN_TYPE = YES_ERROR;
				GCC_WARN_UNDECLARED_SELECTOR = YES;
				GCC_WARN_UNINITIALIZED_AUTOS = YES_AGGRESSIVE;
				GCC_WARN_UNUSED_FUNCTION = YES;
				GCC_WARN_UNUSED_VARIABLE = YES;
				IPHONEOS_DEPLOYMENT_TARGET = 10.1;
				MTL_ENABLE_DEBUG_INFO = YES;
				ONLY_ACTIVE_ARCH = YES;
				SDKROOT = iphoneos;
				SWIFT_ACTIVE_COMPILATION_CONDITIONS = DEBUG;
				SWIFT_OPTIMIZATION_LEVEL = "-Onone";
			};
			name = Debug;
		};
		30A399951DFFD07400EDFB29 /* Release */ = {
			isa = XCBuildConfiguration;
			buildSettings = {
				ALWAYS_SEARCH_USER_PATHS = NO;
				CLANG_ANALYZER_NONNULL = YES;
				CLANG_CXX_LANGUAGE_STANDARD = "gnu++0x";
				CLANG_CXX_LIBRARY = "libc++";
				CLANG_ENABLE_MODULES = YES;
				CLANG_ENABLE_OBJC_ARC = YES;
				CLANG_WARN_BOOL_CONVERSION = YES;
				CLANG_WARN_CONSTANT_CONVERSION = YES;
				CLANG_WARN_DIRECT_OBJC_ISA_USAGE = YES_ERROR;
				CLANG_WARN_DOCUMENTATION_COMMENTS = YES;
				CLANG_WARN_EMPTY_BODY = YES;
				CLANG_WARN_ENUM_CONVERSION = YES;
				CLANG_WARN_INFINITE_RECURSION = YES;
				CLANG_WARN_INT_CONVERSION = YES;
				CLANG_WARN_OBJC_ROOT_CLASS = YES_ERROR;
				CLANG_WARN_SUSPICIOUS_MOVES = YES;
				CLANG_WARN_UNREACHABLE_CODE = YES;
				CLANG_WARN__DUPLICATE_METHOD_MATCH = YES;
				"CODE_SIGN_IDENTITY[sdk=iphoneos*]" = "iPhone Developer";
				COPY_PHASE_STRIP = NO;
				DEBUG_INFORMATION_FORMAT = "dwarf-with-dsym";
				ENABLE_NS_ASSERTIONS = NO;
				ENABLE_STRICT_OBJC_MSGSEND = YES;
				GCC_C_LANGUAGE_STANDARD = gnu99;
				GCC_NO_COMMON_BLOCKS = YES;
				GCC_WARN_64_TO_32_BIT_CONVERSION = YES;
				GCC_WARN_ABOUT_RETURN_TYPE = YES_ERROR;
				GCC_WARN_UNDECLARED_SELECTOR = YES;
				GCC_WARN_UNINITIALIZED_AUTOS = YES_AGGRESSIVE;
				GCC_WARN_UNUSED_FUNCTION = YES;
				GCC_WARN_UNUSED_VARIABLE = YES;
				IPHONEOS_DEPLOYMENT_TARGET = 10.1;
				MTL_ENABLE_DEBUG_INFO = NO;
				SDKROOT = iphoneos;
				SWIFT_OPTIMIZATION_LEVEL = "-Owholemodule";
				VALIDATE_PRODUCT = YES;
			};
			name = Release;
		};
		30A399971DFFD07400EDFB29 /* Debug */ = {
			isa = XCBuildConfiguration;
			buildSettings = {
				ASSETCATALOG_COMPILER_APPICON_NAME = AppIcon;
				DEVELOPMENT_TEAM = 424SGVYFMF;
				INFOPLIST_FILE = "Article Management/Supporting Files/Info.plist";
				LD_RUNPATH_SEARCH_PATHS = "$(inherited) @executable_path/Frameworks";
				PRODUCT_BUNDLE_IDENTIFIER = "Home.Article-Management";
				PRODUCT_NAME = "$(TARGET_NAME)";
				SWIFT_VERSION = 3.0;
			};
			name = Debug;
		};
		30A399981DFFD07400EDFB29 /* Release */ = {
			isa = XCBuildConfiguration;
			buildSettings = {
				ASSETCATALOG_COMPILER_APPICON_NAME = AppIcon;
				DEVELOPMENT_TEAM = 424SGVYFMF;
				INFOPLIST_FILE = "Article Management/Supporting Files/Info.plist";
				LD_RUNPATH_SEARCH_PATHS = "$(inherited) @executable_path/Frameworks";
				PRODUCT_BUNDLE_IDENTIFIER = "Home.Article-Management";
				PRODUCT_NAME = "$(TARGET_NAME)";
				SWIFT_VERSION = 3.0;
			};
			name = Release;
		};
/* End XCBuildConfiguration section */

/* Begin XCConfigurationList section */
		30A3997F1DFFD07300EDFB29 /* Build configuration list for PBXProject "Article Management" */ = {
			isa = XCConfigurationList;
			buildConfigurations = (
				30A399941DFFD07400EDFB29 /* Debug */,
				30A399951DFFD07400EDFB29 /* Release */,
			);
			defaultConfigurationIsVisible = 0;
			defaultConfigurationName = Release;
		};
		30A399961DFFD07400EDFB29 /* Build configuration list for PBXNativeTarget "Article Management" */ = {
			isa = XCConfigurationList;
			buildConfigurations = (
				30A399971DFFD07400EDFB29 /* Debug */,
				30A399981DFFD07400EDFB29 /* Release */,
			);
			defaultConfigurationIsVisible = 0;
		};
/* End XCConfigurationList section */
	};
	rootObject = 30A3997C1DFFD07300EDFB29 /* Project object */;
}
