// !$*UTF8*$!
{
	archiveVersion = 1;
	classes = {
	};
	objectVersion = 46;
	objects = {

/* Begin PBXBuildFile section */
		3000CF6C1E018046001B64A0 /* EditorViewController.swift in Sources */ = {isa = PBXBuildFile; fileRef = 3000CF6B1E018046001B64A0 /* EditorViewController.swift */; };
		3000CF701E01905B001B64A0 /* EditorViewPresenter.swift in Sources */ = {isa = PBXBuildFile; fileRef = 3000CF6F1E01905B001B64A0 /* EditorViewPresenter.swift */; };
		3000CF741E01ADF6001B64A0 /* HomeTableViewController.swift in Sources */ = {isa = PBXBuildFile; fileRef = 3000CF731E01ADF6001B64A0 /* HomeTableViewController.swift */; };
		30A399C31DFFD44A00EDFB29 /* AppDelegate.swift in Sources */ = {isa = PBXBuildFile; fileRef = 30A399B01DFFD44A00EDFB29 /* AppDelegate.swift */; };
		30A399C51DFFD44A00EDFB29 /* Assets.xcassets in Resources */ = {isa = PBXBuildFile; fileRef = 30A399B61DFFD44A00EDFB29 /* Assets.xcassets */; };
		30A399C61DFFD44A00EDFB29 /* Info.plist in Resources */ = {isa = PBXBuildFile; fileRef = 30A399B91DFFD44A00EDFB29 /* Info.plist */; };
		30A399C71DFFD44A00EDFB29 /* LaunchScreen.storyboard in Resources */ = {isa = PBXBuildFile; fileRef = 30A399BD1DFFD44A00EDFB29 /* LaunchScreen.storyboard */; };
		30A399C81DFFD44A00EDFB29 /* Main.storyboard in Resources */ = {isa = PBXBuildFile; fileRef = 30A399BE1DFFD44A00EDFB29 /* Main.storyboard */; };
		30B789E81E003AE700B4A38A /* HomeTableViewCell.swift in Sources */ = {isa = PBXBuildFile; fileRef = 30B789E71E003AE700B4A38A /* HomeTableViewCell.swift */; };
		30B789EC1E004ADD00B4A38A /* ArticleModel.swift in Sources */ = {isa = PBXBuildFile; fileRef = 30B789EB1E004ADD00B4A38A /* ArticleModel.swift */; };
		30B789EF1E004D2700B4A38A /* Service.swift in Sources */ = {isa = PBXBuildFile; fileRef = 30B789EE1E004D2700B4A38A /* Service.swift */; };
		30B789F11E004EF600B4A38A /* Constant.swift in Sources */ = {isa = PBXBuildFile; fileRef = 30B789F01E004EF600B4A38A /* Constant.swift */; };
		30DEEEA21E01252800D65168 /* HomeTableViewPresenter.swift in Sources */ = {isa = PBXBuildFile; fileRef = 30DEEEA11E01252800D65168 /* HomeTableViewPresenter.swift */; };
		E3C06BE373A25C760B11629A /* Pods_Article_Management.framework in Frameworks */ = {isa = PBXBuildFile; fileRef = A1F0FA3859AF0B6DE4B1F924 /* Pods_Article_Management.framework */; };
/* End PBXBuildFile section */

/* Begin PBXFileReference section */
		27409275CFE307D9E5D3BDF0 /* Pods-Article Management.debug.xcconfig */ = {isa = PBXFileReference; includeInIndex = 1; lastKnownFileType = text.xcconfig; name = "Pods-Article Management.debug.xcconfig"; path = "Pods/Target Support Files/Pods-Article Management/Pods-Article Management.debug.xcconfig"; sourceTree = "<group>"; };
		3000CF6B1E018046001B64A0 /* EditorViewController.swift */ = {isa = PBXFileReference; fileEncoding = 4; lastKnownFileType = sourcecode.swift; path = EditorViewController.swift; sourceTree = "<group>"; };
		3000CF6F1E01905B001B64A0 /* EditorViewPresenter.swift */ = {isa = PBXFileReference; fileEncoding = 4; lastKnownFileType = sourcecode.swift; path = EditorViewPresenter.swift; sourceTree = "<group>"; };
		3000CF731E01ADF6001B64A0 /* HomeTableViewController.swift */ = {isa = PBXFileReference; fileEncoding = 4; lastKnownFileType = sourcecode.swift; path = HomeTableViewController.swift; sourceTree = "<group>"; };
		30A399841DFFD07300EDFB29 /* Article Management.app */ = {isa = PBXFileReference; explicitFileType = wrapper.application; includeInIndex = 0; path = "Article Management.app"; sourceTree = BUILT_PRODUCTS_DIR; };
		30A399B01DFFD44A00EDFB29 /* AppDelegate.swift */ = {isa = PBXFileReference; fileEncoding = 4; lastKnownFileType = sourcecode.swift; path = AppDelegate.swift; sourceTree = "<group>"; };
		30A399B61DFFD44A00EDFB29 /* Assets.xcassets */ = {isa = PBXFileReference; lastKnownFileType = folder.assetcatalog; path = Assets.xcassets; sourceTree = "<group>"; };
		30A399B91DFFD44A00EDFB29 /* Info.plist */ = {isa = PBXFileReference; fileEncoding = 4; lastKnownFileType = text.plist.xml; path = Info.plist; sourceTree = "<group>"; };
		30A399BD1DFFD44A00EDFB29 /* LaunchScreen.storyboard */ = {isa = PBXFileReference; fileEncoding = 4; lastKnownFileType = file.storyboard; path = LaunchScreen.storyboard; sourceTree = "<group>"; };
		30A399BE1DFFD44A00EDFB29 /* Main.storyboard */ = {isa = PBXFileReference; fileEncoding = 4; lastKnownFileType = file.storyboard; path = Main.storyboard; sourceTree = "<group>"; };
		30B789E71E003AE700B4A38A /* HomeTableViewCell.swift */ = {isa = PBXFileReference; fileEncoding = 4; lastKnownFileType = sourcecode.swift; path = HomeTableViewCell.swift; sourceTree = "<group>"; };
		30B789EB1E004ADD00B4A38A /* ArticleModel.swift */ = {isa = PBXFileReference; fileEncoding = 4; lastKnownFileType = sourcecode.swift; path = ArticleModel.swift; sourceTree = "<group>"; };
		30B789EE1E004D2700B4A38A /* Service.swift */ = {isa = PBXFileReference; fileEncoding = 4; lastKnownFileType = sourcecode.swift; path = Service.swift; sourceTree = "<group>"; };
		30B789F01E004EF600B4A38A /* Constant.swift */ = {isa = PBXFileReference; fileEncoding = 4; lastKnownFileType = sourcecode.swift; path = Constant.swift; sourceTree = "<group>"; };
		30DEEEA11E01252800D65168 /* HomeTableViewPresenter.swift */ = {isa = PBXFileReference; fileEncoding = 4; lastKnownFileType = sourcecode.swift; path = HomeTableViewPresenter.swift; sourceTree = "<group>"; };
		A1F0FA3859AF0B6DE4B1F924 /* Pods_Article_Management.framework */ = {isa = PBXFileReference; explicitFileType = wrapper.framework; includeInIndex = 0; path = Pods_Article_Management.framework; sourceTree = BUILT_PRODUCTS_DIR; };
		AF75D311020045C08AFEA8BF /* Pods-Article Management.release.xcconfig */ = {isa = PBXFileReference; includeInIndex = 1; lastKnownFileType = text.xcconfig; name = "Pods-Article Management.release.xcconfig"; path = "Pods/Target Support Files/Pods-Article Management/Pods-Article Management.release.xcconfig"; sourceTree = "<group>"; };
/* End PBXFileReference section */

/* Begin PBXFrameworksBuildPhase section */
		30A399811DFFD07300EDFB29 /* Frameworks */ = {
			isa = PBXFrameworksBuildPhase;
			buildActionMask = 2147483647;
			files = (
				E3C06BE373A25C760B11629A /* Pods_Article_Management.framework in Frameworks */,
			);
			runOnlyForDeploymentPostprocessing = 0;
		};
/* End PBXFrameworksBuildPhase section */

/* Begin PBXGroup section */
		30A3997B1DFFD07300EDFB29 = {
			isa = PBXGroup;
			children = (
				30A399861DFFD07300EDFB29 /* Article Management */,
				30A399851DFFD07300EDFB29 /* Products */,
				5CE599B9C1531D59C342F017 /* Pods */,
				6DF795BC52F8247B32FB29B4 /* Frameworks */,
			);
			sourceTree = "<group>";
		};
		30A399851DFFD07300EDFB29 /* Products */ = {
			isa = PBXGroup;
			children = (
				30A399841DFFD07300EDFB29 /* Article Management.app */,
			);
			name = Products;
			sourceTree = "<group>";
		};
		30A399861DFFD07300EDFB29 /* Article Management */ = {
			isa = PBXGroup;
			children = (
				30A399AF1DFFD44A00EDFB29 /* Application */,
				30B789ED1E004C7800B4A38A /* Utitlities */,
				30A399B41DFFD44A00EDFB29 /* Models */,
				30A399B71DFFD44A00EDFB29 /* Services */,
				30DEEEA01E01251300D65168 /* Presenters */,
				30A399B11DFFD44A00EDFB29 /* Controllers */,
				30A399BA1DFFD44A00EDFB29 /* Views */,
				30A399B51DFFD44A00EDFB29 /* Resources */,
				30A399B81DFFD44A00EDFB29 /* Supporting Files */,
			);
			path = "Article Management";
			sourceTree = "<group>";
		};
		30A399AF1DFFD44A00EDFB29 /* Application */ = {
			isa = PBXGroup;
			children = (
				30A399B01DFFD44A00EDFB29 /* AppDelegate.swift */,
			);
			path = Application;
			sourceTree = "<group>";
		};
		30A399B11DFFD44A00EDFB29 /* Controllers */ = {
			isa = PBXGroup;
			children = (
				3000CF731E01ADF6001B64A0 /* HomeTableViewController.swift */,
				3000CF6B1E018046001B64A0 /* EditorViewController.swift */,
			);
			path = Controllers;
			sourceTree = "<group>";
		};
		30A399B41DFFD44A00EDFB29 /* Models */ = {
			isa = PBXGroup;
			children = (
				30B789EB1E004ADD00B4A38A /* ArticleModel.swift */,
			);
			path = Models;
			sourceTree = "<group>";
		};
		30A399B51DFFD44A00EDFB29 /* Resources */ = {
			isa = PBXGroup;
			children = (
				30A399B61DFFD44A00EDFB29 /* Assets.xcassets */,
			);
			path = Resources;
			sourceTree = "<group>";
		};
		30A399B71DFFD44A00EDFB29 /* Services */ = {
			isa = PBXGroup;
			children = (
				30B789EE1E004D2700B4A38A /* Service.swift */,
			);
			path = Services;
			sourceTree = "<group>";
		};
		30A399B81DFFD44A00EDFB29 /* Supporting Files */ = {
			isa = PBXGroup;
			children = (
				30A399B91DFFD44A00EDFB29 /* Info.plist */,
			);
			path = "Supporting Files";
			sourceTree = "<group>";
		};
		30A399BA1DFFD44A00EDFB29 /* Views */ = {
			isa = PBXGroup;
			children = (
				30A399BB1DFFD44A00EDFB29 /* Custom Cells */,
				30A399BC1DFFD44A00EDFB29 /* Storyboard */,
			);
			path = Views;
			sourceTree = "<group>";
		};
		30A399BB1DFFD44A00EDFB29 /* Custom Cells */ = {
			isa = PBXGroup;
			children = (
				30B789E71E003AE700B4A38A /* HomeTableViewCell.swift */,
			);
			path = "Custom Cells";
			sourceTree = "<group>";
		};
		30A399BC1DFFD44A00EDFB29 /* Storyboard */ = {
			isa = PBXGroup;
			children = (
				30A399BD1DFFD44A00EDFB29 /* LaunchScreen.storyboard */,
				30A399BE1DFFD44A00EDFB29 /* Main.storyboard */,
			);
			path = Storyboard;
			sourceTree = "<group>";
		};
		30B789ED1E004C7800B4A38A /* Utitlities */ = {
			isa = PBXGroup;
			children = (
				30B789F01E004EF600B4A38A /* Constant.swift */,
			);
			path = Utitlities;
			sourceTree = "<group>";
		};
		30DEEEA01E01251300D65168 /* Presenters */ = {
			isa = PBXGroup;
			children = (
				30DEEEA11E01252800D65168 /* HomeTableViewPresenter.swift */,
				3000CF6F1E01905B001B64A0 /* EditorViewPresenter.swift */,
			);
			path = Presenters;
			sourceTree = "<group>";
		};
		5CE599B9C1531D59C342F017 /* Pods */ = {
			isa = PBXGroup;
			children = (
				27409275CFE307D9E5D3BDF0 /* Pods-Article Management.debug.xcconfig */,
				AF75D311020045C08AFEA8BF /* Pods-Article Management.release.xcconfig */,
			);
			name = Pods;
			sourceTree = "<group>";
		};
		6DF795BC52F8247B32FB29B4 /* Frameworks */ = {
			isa = PBXGroup;
			children = (
				A1F0FA3859AF0B6DE4B1F924 /* Pods_Article_Management.framework */,
			);
			name = Frameworks;
			sourceTree = "<group>";
		};
/* End PBXGroup section */

/* Begin PBXNativeTarget section */
		30A399831DFFD07300EDFB29 /* Article Management */ = {
			isa = PBXNativeTarget;
			buildConfigurationList = 30A399961DFFD07400EDFB29 /* Build configuration list for PBXNativeTarget "Article Management" */;
			buildPhases = (
				A2B9663C62521631C60BC620 /* [CP] Check Pods Manifest.lock */,
				30A399801DFFD07300EDFB29 /* Sources */,
				30A399811DFFD07300EDFB29 /* Frameworks */,
				30A399821DFFD07300EDFB29 /* Resources */,
				FC804BB1677F2472EC3A656D /* [CP] Embed Pods Frameworks */,
				3FAA90340B9651408597EB3B /* [CP] Copy Pods Resources */,
			);
			buildRules = (
			);
			dependencies = (
			);
			name = "Article Management";
			productName = "Article Management";
			productReference = 30A399841DFFD07300EDFB29 /* Article Management.app */;
			productType = "com.apple.product-type.application";
		};
/* End PBXNativeTarget section */

/* Begin PBXProject section */
		30A3997C1DFFD07300EDFB29 /* Project object */ = {
			isa = PBXProject;
			attributes = {
				LastSwiftUpdateCheck = 0810;
				LastUpgradeCheck = 0810;
				ORGANIZATIONNAME = HRD;
				TargetAttributes = {
					30A399831DFFD07300EDFB29 = {
						CreatedOnToolsVersion = 8.1;
						DevelopmentTeam = NRZ6MS5MSM;
						ProvisioningStyle = Automatic;
					};
				};
			};
			buildConfigurationList = 30A3997F1DFFD07300EDFB29 /* Build configuration list for PBXProject "Article Management" */;
			compatibilityVersion = "Xcode 3.2";
			developmentRegion = English;
			hasScannedForEncodings = 0;
			knownRegions = (
				en,
				Base,
			);
			mainGroup = 30A3997B1DFFD07300EDFB29;
			productRefGroup = 30A399851DFFD07300EDFB29 /* Products */;
			projectDirPath = "";
			projectRoot = "";
			targets = (
				30A399831DFFD07300EDFB29 /* Article Management */,
			);
		};
/* End PBXProject section */

/* Begin PBXResourcesBuildPhase section */
		30A399821DFFD07300EDFB29 /* Resources */ = {
			isa = PBXResourcesBuildPhase;
			buildActionMask = 2147483647;
			files = (
				30A399C71DFFD44A00EDFB29 /* LaunchScreen.storyboard in Resources */,
				30A399C61DFFD44A00EDFB29 /* Info.plist in Resources */,
				30A399C51DFFD44A00EDFB29 /* Assets.xcassets in Resources */,
				30A399C81DFFD44A00EDFB29 /* Main.storyboard in Resources */,
			);
			runOnlyForDeploymentPostprocessing = 0;
		};
/* End PBXResourcesBuildPhase section */

/* Begin PBXShellScriptBuildPhase section */
		3FAA90340B9651408597EB3B /* [CP] Copy Pods Resources */ = {
			isa = PBXShellScriptBuildPhase;
			buildActionMask = 2147483647;
			files = (
			);
			inputPaths = (
			);
			name = "[CP] Copy Pods Resources";
			outputPaths = (
			);
			runOnlyForDeploymentPostprocessing = 0;
			shellPath = /bin/sh;
			shellScript = "\"${SRCROOT}/Pods/Target Support Files/Pods-Article Management/Pods-Article Management-resources.sh\"\n";
			showEnvVarsInLog = 0;
		};
		A2B9663C62521631C60BC620 /* [CP] Check Pods Manifest.lock */ = {
			isa = PBXShellScriptBuildPhase;
			buildActionMask = 2147483647;
			files = (
			);
			inputPaths = (
			);
			name = "[CP] Check Pods Manifest.lock";
			outputPaths = (
			);
			runOnlyForDeploymentPostprocessing = 0;
			shellPath = /bin/sh;
			shellScript = "diff \"${PODS_ROOT}/../Podfile.lock\" \"${PODS_ROOT}/Manifest.lock\" > /dev/null\nif [ $? != 0 ] ; then\n    # print error to STDERR\n    echo \"error: The sandbox is not in sync with the Podfile.lock. Run 'pod install' or update your CocoaPods installation.\" >&2\n    exit 1\nfi\n";
			showEnvVarsInLog = 0;
		};
		FC804BB1677F2472EC3A656D /* [CP] Embed Pods Frameworks */ = {
			isa = PBXShellScriptBuildPhase;
			buildActionMask = 2147483647;
			files = (
			);
			inputPaths = (
			);
			name = "[CP] Embed Pods Frameworks";
			outputPaths = (
			);
			runOnlyForDeploymentPostprocessing = 0;
			shellPath = /bin/sh;
			shellScript = "\"${SRCROOT}/Pods/Target Support Files/Pods-Article Management/Pods-Article Management-frameworks.sh\"\n";
			showEnvVarsInLog = 0;
		};
/* End PBXShellScriptBuildPhase section */

/* Begin PBXSourcesBuildPhase section */
		30A399801DFFD07300EDFB29 /* Sources */ = {
			isa = PBXSourcesBuildPhase;
			buildActionMask = 2147483647;
			files = (
				30B789F11E004EF600B4A38A /* Constant.swift in Sources */,
				3000CF701E01905B001B64A0 /* EditorViewPresenter.swift in Sources */,
				30B789EF1E004D2700B4A38A /* Service.swift in Sources */,
				3000CF6C1E018046001B64A0 /* EditorViewController.swift in Sources */,
				3000CF741E01ADF6001B64A0 /* HomeTableViewController.swift in Sources */,
				30DEEEA21E01252800D65168 /* HomeTableViewPresenter.swift in Sources */,
				30B789E81E003AE700B4A38A /* HomeTableViewCell.swift in Sources */,
				30A399C31DFFD44A00EDFB29 /* AppDelegate.swift in Sources */,
				30B789EC1E004ADD00B4A38A /* ArticleModel.swift in Sources */,
			);
			runOnlyForDeploymentPostprocessing = 0;
		};
/* End PBXSourcesBuildPhase section */

/* Begin XCBuildConfiguration section */
		30A399941DFFD07400EDFB29 /* Debug */ = {
			isa = XCBuildConfiguration;
			buildSettings = {
				ALWAYS_SEARCH_USER_PATHS = NO;
				CLANG_ANALYZER_NONNULL = YES;
				CLANG_CXX_LANGUAGE_STANDARD = "gnu++0x";
				CLANG_CXX_LIBRARY = "libc++";
				CLANG_ENABLE_MODULES = YES;
				CLANG_ENABLE_OBJC_ARC = YES;
				CLANG_WARN_BOOL_CONVERSION = YES;
				CLANG_WARN_CONSTANT_CONVERSION = YES;
				CLANG_WARN_DIRECT_OBJC_ISA_USAGE = YES_ERROR;
				CLANG_WARN_DOCUMENTATION_COMMENTS = YES;
				CLANG_WARN_EMPTY_BODY = YES;
				CLANG_WARN_ENUM_CONVERSION = YES;
				CLANG_WARN_INFINITE_RECURSION = YES;
				CLANG_WARN_INT_CONVERSION = YES;
				CLANG_WARN_OBJC_ROOT_CLASS = YES_ERROR;
				CLANG_WARN_SUSPICIOUS_MOVES = YES;
				CLANG_WARN_UNREACHABLE_CODE = YES;
				CLANG_WARN__DUPLICATE_METHOD_MATCH = YES;
				"CODE_SIGN_IDENTITY[sdk=iphoneos*]" = "iPhone Developer";
				COPY_PHASE_STRIP = NO;
				DEBUG_INFORMATION_FORMAT = dwarf;
				ENABLE_STRICT_OBJC_MSGSEND = YES;
				ENABLE_TESTABILITY = YES;
				GCC_C_LANGUAGE_STANDARD = gnu99;
				GCC_DYNAMIC_NO_PIC = NO;
				GCC_NO_COMMON_BLOCKS = YES;
				GCC_OPTIMIZATION_LEVEL = 0;
				GCC_PREPROCESSOR_DEFINITIONS = (
					"DEBUG=1",
					"$(inherited)",
				);
				GCC_WARN_64_TO_32_BIT_CONVERSION = YES;
				GCC_WARN_ABOUT_RETURN_TYPE = YES_ERROR;
				GCC_WARN_UNDECLARED_SELECTOR = YES;
				GCC_WARN_UNINITIALIZED_AUTOS = YES_AGGRESSIVE;
				GCC_WARN_UNUSED_FUNCTION = YES;
				GCC_WARN_UNUSED_VARIABLE = YES;
				IPHONEOS_DEPLOYMENT_TARGET = 10.1;
				MTL_ENABLE_DEBUG_INFO = YES;
				ONLY_ACTIVE_ARCH = YES;
				SDKROOT = iphoneos;
				SWIFT_ACTIVE_COMPILATION_CONDITIONS = DEBUG;
				SWIFT_OPTIMIZATION_LEVEL = "-Onone";
			};
			name = Debug;
		};
		30A399951DFFD07400EDFB29 /* Release */ = {
			isa = XCBuildConfiguration;
			buildSettings = {
				ALWAYS_SEARCH_USER_PATHS = NO;
				CLANG_ANALYZER_NONNULL = YES;
				CLANG_CXX_LANGUAGE_STANDARD = "gnu++0x";
				CLANG_CXX_LIBRARY = "libc++";
				CLANG_ENABLE_MODULES = YES;
				CLANG_ENABLE_OBJC_ARC = YES;
				CLANG_WARN_BOOL_CONVERSION = YES;
				CLANG_WARN_CONSTANT_CONVERSION = YES;
				CLANG_WARN_DIRECT_OBJC_ISA_USAGE = YES_ERROR;
				CLANG_WARN_DOCUMENTATION_COMMENTS = YES;
				CLANG_WARN_EMPTY_BODY = YES;
				CLANG_WARN_ENUM_CONVERSION = YES;
				CLANG_WARN_INFINITE_RECURSION = YES;
				CLANG_WARN_INT_CONVERSION = YES;
				CLANG_WARN_OBJC_ROOT_CLASS = YES_ERROR;
				CLANG_WARN_SUSPICIOUS_MOVES = YES;
				CLANG_WARN_UNREACHABLE_CODE = YES;
				CLANG_WARN__DUPLICATE_METHOD_MATCH = YES;
				"CODE_SIGN_IDENTITY[sdk=iphoneos*]" = "iPhone Developer";
				COPY_PHASE_STRIP = NO;
				DEBUG_INFORMATION_FORMAT = "dwarf-with-dsym";
				ENABLE_NS_ASSERTIONS = NO;
				ENABLE_STRICT_OBJC_MSGSEND = YES;
				GCC_C_LANGUAGE_STANDARD = gnu99;
				GCC_NO_COMMON_BLOCKS = YES;
				GCC_WARN_64_TO_32_BIT_CONVERSION = YES;
				GCC_WARN_ABOUT_RETURN_TYPE = YES_ERROR;
				GCC_WARN_UNDECLARED_SELECTOR = YES;
				GCC_WARN_UNINITIALIZED_AUTOS = YES_AGGRESSIVE;
				GCC_WARN_UNUSED_FUNCTION = YES;
				GCC_WARN_UNUSED_VARIABLE = YES;
				IPHONEOS_DEPLOYMENT_TARGET = 10.1;
				MTL_ENABLE_DEBUG_INFO = NO;
				SDKROOT = iphoneos;
				SWIFT_OPTIMIZATION_LEVEL = "-Owholemodule";
				VALIDATE_PRODUCT = YES;
			};
			name = Release;
		};
		30A399971DFFD07400EDFB29 /* Debug */ = {
			isa = XCBuildConfiguration;
			baseConfigurationReference = 27409275CFE307D9E5D3BDF0 /* Pods-Article Management.debug.xcconfig */;
			buildSettings = {
				ASSETCATALOG_COMPILER_APPICON_NAME = AppIcon;
				DEVELOPMENT_TEAM = NRZ6MS5MSM;
				INFOPLIST_FILE = "Article Management/Supporting Files/Info.plist";
				LD_RUNPATH_SEARCH_PATHS = "$(inherited) @executable_path/Frameworks";
				PRODUCT_BUNDLE_IDENTIFIER = "Home.Article-Management";
				PRODUCT_NAME = "$(TARGET_NAME)";
				SWIFT_VERSION = 3.0;
			};
			name = Debug;
		};
		30A399981DFFD07400EDFB29 /* Release */ = {
			isa = XCBuildConfiguration;
			baseConfigurationReference = AF75D311020045C08AFEA8BF /* Pods-Article Management.release.xcconfig */;
			buildSettings = {
				ASSETCATALOG_COMPILER_APPICON_NAME = AppIcon;
				DEVELOPMENT_TEAM = NRZ6MS5MSM;
				INFOPLIST_FILE = "Article Management/Supporting Files/Info.plist";
				LD_RUNPATH_SEARCH_PATHS = "$(inherited) @executable_path/Frameworks";
				PRODUCT_BUNDLE_IDENTIFIER = "Home.Article-Management";
				PRODUCT_NAME = "$(TARGET_NAME)";
				SWIFT_VERSION = 3.0;
			};
			name = Release;
		};
/* End XCBuildConfiguration section */

/* Begin XCConfigurationList section */
		30A3997F1DFFD07300EDFB29 /* Build configuration list for PBXProject "Article Management" */ = {
			isa = XCConfigurationList;
			buildConfigurations = (
				30A399941DFFD07400EDFB29 /* Debug */,
				30A399951DFFD07400EDFB29 /* Release */,
			);
			defaultConfigurationIsVisible = 0;
			defaultConfigurationName = Release;
		};
		30A399961DFFD07400EDFB29 /* Build configuration list for PBXNativeTarget "Article Management" */ = {
			isa = XCConfigurationList;
			buildConfigurations = (
				30A399971DFFD07400EDFB29 /* Debug */,
				30A399981DFFD07400EDFB29 /* Release */,
			);
			defaultConfigurationIsVisible = 0;
			defaultConfigurationName = Release;
		};
/* End XCConfigurationList section */
	};
	rootObject = 30A3997C1DFFD07300EDFB29 /* Project object */;
}
